
Microsoft Visual Studio Solution File, Format Version 12.00
# Visual Studio Version 17
VisualStudioVersion = 17.8.34330.188
MinimumVisualStudioVersion = 10.0.40219.1
Project("{FAE04EC0-301F-11D3-BF4B-00C04F79EFBC}") = "pr17", "pr17\pr17.csproj", "{4D9C575D-740F-4119-B24C-0AB448FB3D36}"
EndProject
Global
	GlobalSection(SolutionConfigurationPlatforms) = preSolution
		Debug|Any CPU = Debug|Any CPU
		Release|Any CPU = Release|Any CPU
	EndGlobalSection
	GlobalSection(ProjectConfigurationPlatforms) = postSolution
		{4D9C575D-740F-4119-B24C-0AB448FB3D36}.Debug|Any CPU.ActiveCfg = Debug|Any CPU
		{4D9C575D-740F-4119-B24C-0AB448FB3D36}.Debug|Any CPU.Build.0 = Debug|Any CPU
		{4D9C575D-740F-4119-B24C-0AB448FB3D36}.Release|Any CPU.ActiveCfg = Release|Any CPU
		{4D9C575D-740F-4119-B24C-0AB448FB3D36}.Release|Any CPU.Build.0 = Release|Any CPU
	EndGlobalSection
	GlobalSection(SolutionProperties) = preSolution
		HideSolutionNode = FALSE
	EndGlobalSection
	GlobalSection(ExtensibilityGlobals) = postSolution
		SolutionGuid = {D48AF9A9-3EF7-415E-864D-9696B0037360}
	EndGlobalSection
EndGlobal
